
Microsoft Visual Studio Solution File, Format Version 12.00
# Visual Studio 15
VisualStudioVersion = 15.0.27703.2047
MinimumVisualStudioVersion = 10.0.40219.1
Project("{FAE04EC0-301F-11D3-BF4B-00C04F79EFBC}") = "WWBot", "WWBot\WWBot.csproj", "{5CACD720-E495-45A7-964A-C5FC860361AA}"
EndProject
Global
	GlobalSection(SolutionConfigurationPlatforms) = preSolution
		Debug|Any CPU = Debug|Any CPU
		Release|Any CPU = Release|Any CPU
	EndGlobalSection
	GlobalSection(ProjectConfigurationPlatforms) = postSolution
		{5CACD720-E495-45A7-964A-C5FC860361AA}.Debug|Any CPU.ActiveCfg = Debug|Any CPU
		{5CACD720-E495-45A7-964A-C5FC860361AA}.Debug|Any CPU.Build.0 = Debug|Any CPU
		{5CACD720-E495-45A7-964A-C5FC860361AA}.Release|Any CPU.ActiveCfg = Release|Any CPU
		{5CACD720-E495-45A7-964A-C5FC860361AA}.Release|Any CPU.Build.0 = Release|Any CPU
	EndGlobalSection
	GlobalSection(SolutionProperties) = preSolution
		HideSolutionNode = FALSE
	EndGlobalSection
	GlobalSection(ExtensibilityGlobals) = postSolution
		SolutionGuid = {019D1663-23E6-4E05-AF79-77FAE11925F9}
	EndGlobalSection
EndGlobal
